{
  "name": "evisa-e2e",
  "lockfileVersion": 3,
  "requires": true,
  "packages": {
    "": {
      "name": "evisa-e2e",
      "devDependencies": {
        "jquery": "3.7.1",
        "kbw-datepick": "5.1.1",
        "playwright-core": "1.56.1"
      }
    },
    "node_modules/jquery": {
      "version": "3.7.1",
      "resolved": "https://registry.npmjs.org/jquery/-/jquery-3.7.1.tgz",
      "integrity": "sha512-m4avr8yL8kmFN8psrbFFFmB/If14iN5o9nw/NgnnM+kybDJpRsAynV2BsfpTYrTRysYUdADVD7CkUUizgkpLfg==",
      "dev": true,
      "license": "MIT"
    },
    "node_modules/kbw-datepick": {
      "version": "5.1.1",
      "resolved": "https://registry.npmjs.org/kbw-datepick/-/kbw-datepick-5.1.1.tgz",
      "integrity": "sha512-er4rnd0soIdpLsy0LDx+2F1OT0VaoLts52e6vVsmiSDOOZ1rY8QScQUga1MdhKpd98+cA/JucISn/lR9LI5lPw==",
      "dev": true,
      "license": "MIT",
      "engines": {
        "node": ">=0.8.0"
      }
    },
    "node_modules/playwright-core": {
      "version": "1.56.1",
      "resolved": "https://registry.npmjs.org/playwright-core/-/playwright-core-1.56.1.tgz",
      "integrity": "sha512-hutraynyn31F+Bifme+Ps9Vq59hKuUCz7H1kDOcBs+2oGguKkWTU50bBWrtz34OUWmIwpBTWDxaRPXrIXkgvmQ==",
      "dev": true,
      "license": "Apache-2.0",
      "bin": {
        "playwright-core": "cli.js"
      },
      "engines": {
        "node": ">=18"
      }
    }
  }
}
